
Microsoft Visual Studio Solution File, Format Version 12.00
# Visual Studio Version 17
VisualStudioVersion = 17.13.35825.156 d17.13
MinimumVisualStudioVersion = 10.0.40219.1
Project("{FAE04EC0-301F-11D3-BF4B-00C04F79EFBC}") = "_1_Mathematics", "1_Mathematics\_1_Mathematics.csproj", "{42311FBA-2BA5-49FC-B9E9-7581CE4D01E1}"
EndProject
Project("{FAE04EC0-301F-11D3-BF4B-00C04F79EFBC}") = "_2_BitMagic", "_2_BitMagic\_2_BitMagic.csproj", "{8181B55B-ADE5-4B02-B227-254450F25114}"
EndProject
Project("{FAE04EC0-301F-11D3-BF4B-00C04F79EFBC}") = "_3_Recursion", "_3_Recursion\_3_Recursion.csproj", "{53DCE80C-9193-4893-844A-8C88C322E2B0}"
EndProject
Global
	GlobalSection(SolutionConfigurationPlatforms) = preSolution
		Debug|Any CPU = Debug|Any CPU
		Release|Any CPU = Release|Any CPU
	EndGlobalSection
	GlobalSection(ProjectConfigurationPlatforms) = postSolution
		{42311FBA-2BA5-49FC-B9E9-7581CE4D01E1}.Debug|Any CPU.ActiveCfg = Debug|Any CPU
		{42311FBA-2BA5-49FC-B9E9-7581CE4D01E1}.Debug|Any CPU.Build.0 = Debug|Any CPU
		{42311FBA-2BA5-49FC-B9E9-7581CE4D01E1}.Release|Any CPU.ActiveCfg = Release|Any CPU
		{42311FBA-2BA5-49FC-B9E9-7581CE4D01E1}.Release|Any CPU.Build.0 = Release|Any CPU
		{8181B55B-ADE5-4B02-B227-254450F25114}.Debug|Any CPU.ActiveCfg = Debug|Any CPU
		{8181B55B-ADE5-4B02-B227-254450F25114}.Debug|Any CPU.Build.0 = Debug|Any CPU
		{8181B55B-ADE5-4B02-B227-254450F25114}.Release|Any CPU.ActiveCfg = Release|Any CPU
		{8181B55B-ADE5-4B02-B227-254450F25114}.Release|Any CPU.Build.0 = Release|Any CPU
		{53DCE80C-9193-4893-844A-8C88C322E2B0}.Debug|Any CPU.ActiveCfg = Debug|Any CPU
		{53DCE80C-9193-4893-844A-8C88C322E2B0}.Debug|Any CPU.Build.0 = Debug|Any CPU
		{53DCE80C-9193-4893-844A-8C88C322E2B0}.Release|Any CPU.ActiveCfg = Release|Any CPU
		{53DCE80C-9193-4893-844A-8C88C322E2B0}.Release|Any CPU.Build.0 = Release|Any CPU
	EndGlobalSection
	GlobalSection(SolutionProperties) = preSolution
		HideSolutionNode = FALSE
	EndGlobalSection
	GlobalSection(ExtensibilityGlobals) = postSolution
		SolutionGuid = {D799ED86-56BB-4B25-AA9F-5519D70075E6}
	EndGlobalSection
EndGlobal
